
Microsoft Visual Studio Solution File, Format Version 12.00
# Visual Studio Version 17
VisualStudioVersion = 17.3.32825.248
MinimumVisualStudioVersion = 10.0.40219.1
Project("{FAE04EC0-301F-11D3-BF4B-00C04F79EFBC}") = "Labb 1", "Labb 1\Labb 1.csproj", "{BFEDC504-DF2A-47A9-8235-EC8245021983}"
EndProject
Global
	GlobalSection(SolutionConfigurationPlatforms) = preSolution
		Debug|Any CPU = Debug|Any CPU
		Release|Any CPU = Release|Any CPU
	EndGlobalSection
	GlobalSection(ProjectConfigurationPlatforms) = postSolution
		{BFEDC504-DF2A-47A9-8235-EC8245021983}.Debug|Any CPU.ActiveCfg = Debug|Any CPU
		{BFEDC504-DF2A-47A9-8235-EC8245021983}.Debug|Any CPU.Build.0 = Debug|Any CPU
		{BFEDC504-DF2A-47A9-8235-EC8245021983}.Release|Any CPU.ActiveCfg = Release|Any CPU
		{BFEDC504-DF2A-47A9-8235-EC8245021983}.Release|Any CPU.Build.0 = Release|Any CPU
	EndGlobalSection
	GlobalSection(SolutionProperties) = preSolution
		HideSolutionNode = FALSE
	EndGlobalSection
	GlobalSection(ExtensibilityGlobals) = postSolution
		SolutionGuid = {51928E41-62CC-4E16-882C-33016CA81611}
	EndGlobalSection
EndGlobal
